{
  "version": 4,
  "terraform_version": "1.2.9",
  "serial": 107,
  "lineage": "8679961d-6745-0d34-88f8-69c95b8cb720",
  "outputs": {},
  "resources": [
    {
      "mode": "data",
      "type": "template_file",
      "name": "user_data",
      "provider": "provider[\"registry.terraform.io/hashicorp/template\"]",
      "instances": [
        {
          "schema_version": 0,
          "attributes": {
            "filename": null,
            "id": "d0d02d0ab5208ae75a0eb7341f51987d33e868e766f6b4f3cd62d34bd53d8e6a",
            "rendered": "#cloud-config\n# https://cloudinit.readthedocs.io/en/latest/topics/examples.html\n#\n# This is the configuration syntax that the write_files module will know how to understand. \n# Encoding can be given b64 or gzip or (gz+b64).\n# The content will be decoded accordingly and then written to the path that is provided.\n\n# Note: Content strings here are truncated for example purposes\n\nssh_pwauth: True\nchpasswd:\n  list: |\n     root: password\n  expire: False\n\nusers:\n  - name: khondo1\n    passwd: password\n    ssh_authorized_keys:\n      - ssh-rsa AAAAB3NzaC1yc2EAAAADAQABAAABgQCucKpKZfolNlN9oMprbKBUsdcdqjVW1alJ+Bcg1NMu7l6RP2t6nC7xlEzTz2laHmhJGYQR3S2eZH5TeVlQTxVJz1TIjQM94s2hD14V9eqkA1MqcpYkHPWb82m4QpD7bwvSvgIst7PrymqVkDVTyKrYlCgIW+xNT/KwnK/PLtHdo8gfqCZduY/AEVsu9np7Dd0vSQJtaUEukId3GqVSHp8DWLprTi9b21VwyZFM2W3zlNGnXB0fmAL5h2Wl8ccWM5jbxL4GUqw/0vKQsMgslTKCrpddcfW9WV7LSw/DWGqHejWM11+qWx83ewqu70pV94RSypmy83VRR0bbjhDlAyAI0QMZ8ViTzYDPQ86DozR+ynxfGGaofth8RWmJkJBYMtej5yrfh8uFE633kosF7GtGNyxnFwS3FL9wMV7SdH4v89IpZJg00WD2YzP8KiLZaCtYbdtabOOHmbIIflV1eTrAAzdpGyoXnBsm4EYId4vbmNtMFpGh7rZP+TFhlppSeak= khondo1@miaas\n    sudo: ['ALL=(ALL) NOPASSWD:ALL']\n    shell: /bin/bash\n    groups: wheel",
            "template": "#cloud-config\n# https://cloudinit.readthedocs.io/en/latest/topics/examples.html\n#\n# This is the configuration syntax that the write_files module will know how to understand. \n# Encoding can be given b64 or gzip or (gz+b64).\n# The content will be decoded accordingly and then written to the path that is provided.\n\n# Note: Content strings here are truncated for example purposes\n\nssh_pwauth: True\nchpasswd:\n  list: |\n     root: password\n  expire: False\n\nusers:\n  - name: khondo1\n    passwd: password\n    ssh_authorized_keys:\n      - ssh-rsa AAAAB3NzaC1yc2EAAAADAQABAAABgQCucKpKZfolNlN9oMprbKBUsdcdqjVW1alJ+Bcg1NMu7l6RP2t6nC7xlEzTz2laHmhJGYQR3S2eZH5TeVlQTxVJz1TIjQM94s2hD14V9eqkA1MqcpYkHPWb82m4QpD7bwvSvgIst7PrymqVkDVTyKrYlCgIW+xNT/KwnK/PLtHdo8gfqCZduY/AEVsu9np7Dd0vSQJtaUEukId3GqVSHp8DWLprTi9b21VwyZFM2W3zlNGnXB0fmAL5h2Wl8ccWM5jbxL4GUqw/0vKQsMgslTKCrpddcfW9WV7LSw/DWGqHejWM11+qWx83ewqu70pV94RSypmy83VRR0bbjhDlAyAI0QMZ8ViTzYDPQ86DozR+ynxfGGaofth8RWmJkJBYMtej5yrfh8uFE633kosF7GtGNyxnFwS3FL9wMV7SdH4v89IpZJg00WD2YzP8KiLZaCtYbdtabOOHmbIIflV1eTrAAzdpGyoXnBsm4EYId4vbmNtMFpGh7rZP+TFhlppSeak= khondo1@miaas\n    sudo: ['ALL=(ALL) NOPASSWD:ALL']\n    shell: /bin/bash\n    groups: wheel",
            "vars": null
          },
          "sensitive_attributes": []
        }
      ]
    },
    {
      "mode": "managed",
      "type": "libvirt_cloudinit_disk",
      "name": "commoninit",
      "provider": "provider[\"registry.terraform.io/dmacvicar/libvirt\"]",
      "instances": [
        {
          "schema_version": 0,
          "attributes": {
            "id": "/tmp/libvirt/images/terraform-provider-libvirt-pool-ubuntu/commoninit.iso;9856e380-52e8-4ff4-b23c-5e96d97d5fee",
            "meta_data": "",
            "name": "commoninit.iso",
            "network_config": "",
            "pool": "ubuntu",
            "user_data": "#cloud-config\n# https://cloudinit.readthedocs.io/en/latest/topics/examples.html\n#\n# This is the configuration syntax that the write_files module will know how to understand. \n# Encoding can be given b64 or gzip or (gz+b64).\n# The content will be decoded accordingly and then written to the path that is provided.\n\n# Note: Content strings here are truncated for example purposes\n\nssh_pwauth: True\nchpasswd:\n  list: |\n     root: password\n  expire: False\n\nusers:\n  - name: khondo1\n    passwd: password\n    ssh_authorized_keys:\n      - ssh-rsa AAAAB3NzaC1yc2EAAAADAQABAAABgQCucKpKZfolNlN9oMprbKBUsdcdqjVW1alJ+Bcg1NMu7l6RP2t6nC7xlEzTz2laHmhJGYQR3S2eZH5TeVlQTxVJz1TIjQM94s2hD14V9eqkA1MqcpYkHPWb82m4QpD7bwvSvgIst7PrymqVkDVTyKrYlCgIW+xNT/KwnK/PLtHdo8gfqCZduY/AEVsu9np7Dd0vSQJtaUEukId3GqVSHp8DWLprTi9b21VwyZFM2W3zlNGnXB0fmAL5h2Wl8ccWM5jbxL4GUqw/0vKQsMgslTKCrpddcfW9WV7LSw/DWGqHejWM11+qWx83ewqu70pV94RSypmy83VRR0bbjhDlAyAI0QMZ8ViTzYDPQ86DozR+ynxfGGaofth8RWmJkJBYMtej5yrfh8uFE633kosF7GtGNyxnFwS3FL9wMV7SdH4v89IpZJg00WD2YzP8KiLZaCtYbdtabOOHmbIIflV1eTrAAzdpGyoXnBsm4EYId4vbmNtMFpGh7rZP+TFhlppSeak= khondo1@miaas\n    sudo: ['ALL=(ALL) NOPASSWD:ALL']\n    shell: /bin/bash\n    groups: wheel"
          },
          "sensitive_attributes": [],
          "private": "bnVsbA==",
          "dependencies": [
            "data.template_file.user_data",
            "libvirt_pool.ubuntu"
          ]
        }
      ]
    },
    {
      "mode": "managed",
      "type": "libvirt_domain",
      "name": "domain-ubuntu",
      "provider": "provider[\"registry.terraform.io/dmacvicar/libvirt\"]",
      "instances": [
        {
          "schema_version": 0,
          "attributes": {
            "arch": "x86_64",
            "autostart": false,
            "boot_device": [],
            "cloudinit": "/tmp/libvirt/images/terraform-provider-libvirt-pool-ubuntu/commoninit.iso;9856e380-52e8-4ff4-b23c-5e96d97d5fee",
            "cmdline": [],
            "console": [
              {
                "source_host": "127.0.0.1",
                "source_path": "",
                "source_service": "0",
                "target_port": "0",
                "target_type": "serial",
                "type": "pty"
              },
              {
                "source_host": "127.0.0.1",
                "source_path": "",
                "source_service": "0",
                "target_port": "1",
                "target_type": "virtio",
                "type": "pty"
              }
            ],
            "coreos_ignition": null,
            "cpu": [
              {
                "mode": "custom"
              }
            ],
            "description": "",
            "disk": [
              {
                "block_device": "",
                "file": "",
                "scsi": false,
                "url": "",
                "volume_id": "/tmp/libvirt/images/terraform-provider-libvirt-pool-ubuntu/ubuntu-qcow2",
                "wwn": ""
              }
            ],
            "emulator": "/usr/bin/qemu-system-x86_64",
            "filesystem": [],
            "firmware": null,
            "fw_cfg_name": "opt/com.coreos/config",
            "graphics": [
              {
                "autoport": true,
                "listen_address": "127.0.0.1",
                "listen_type": "address",
                "type": "spice",
                "websocket": 0
              }
            ],
            "id": "9d62b91e-6b49-4a32-929a-3d1575bd071c",
            "initrd": "",
            "kernel": "",
            "machine": "ubuntu",
            "memory": 1024,
            "metadata": null,
            "name": "ubuntu-terraform",
            "network_interface": [
              {
                "addresses": [],
                "bridge": "",
                "hostname": "",
                "mac": "52:54:00:06:1D:AD",
                "macvtap": "",
                "network_id": "98361b46-1581-acb7-1643-85a412626e70",
                "network_name": "default",
                "passthrough": "",
                "vepa": "",
                "wait_for_lease": false
              }
            ],
            "nvram": [],
            "qemu_agent": false,
            "running": true,
            "timeouts": null,
            "tpm": [],
            "vcpu": 2,
            "video": [],
            "xml": []
          },
          "sensitive_attributes": [],
          "private": "eyJlMmJmYjczMC1lY2FhLTExZTYtOGY4OC0zNDM2M2JjN2M0YzAiOnsiY3JlYXRlIjozMDAwMDAwMDAwMDB9fQ==",
          "dependencies": [
            "data.template_file.user_data",
            "libvirt_cloudinit_disk.commoninit",
            "libvirt_pool.ubuntu",
            "libvirt_volume.ubuntu-qcow2"
          ]
        }
      ]
    },
    {
      "mode": "managed",
      "type": "libvirt_pool",
      "name": "ubuntu",
      "provider": "provider[\"registry.terraform.io/dmacvicar/libvirt\"]",
      "instances": [
        {
          "schema_version": 0,
          "attributes": {
            "allocation": 39778205696,
            "available": 450796707840,
            "capacity": 490574913536,
            "id": "6cb6fe64-6238-4cf9-b510-be0f1ae7d0a6",
            "name": "ubuntu",
            "path": "/tmp/libvirt/images/terraform-provider-libvirt-pool-ubuntu",
            "type": "dir",
            "xml": []
          },
          "sensitive_attributes": [],
          "private": "bnVsbA=="
        }
      ]
    },
    {
      "mode": "managed",
      "type": "libvirt_volume",
      "name": "ubuntu-qcow2",
      "provider": "provider[\"registry.terraform.io/dmacvicar/libvirt\"]",
      "instances": [
        {
          "schema_version": 0,
          "attributes": {
            "base_volume_id": null,
            "base_volume_name": null,
            "base_volume_pool": null,
            "format": "qcow2",
            "id": "/tmp/libvirt/images/terraform-provider-libvirt-pool-ubuntu/ubuntu-qcow2",
            "name": "ubuntu-qcow2",
            "pool": "ubuntu",
            "size": 2361393152,
            "source": "https://cloud-images.ubuntu.com/bionic/current/bionic-server-cloudimg-s390x.img",
            "xml": []
          },
          "sensitive_attributes": [],
          "private": "bnVsbA==",
          "dependencies": [
            "libvirt_pool.ubuntu"
          ]
        }
      ]
    }
  ]
}
