{
  "version": 4,
  "terraform_version": "1.2.9",
  "serial": 154,
  "lineage": "8679961d-6745-0d34-88f8-69c95b8cb720",
  "outputs": {},
  "resources": [
    {
      "mode": "data",
      "type": "template_file",
      "name": "network_config",
      "provider": "provider[\"registry.terraform.io/hashicorp/template\"]",
      "instances": [
        {
          "schema_version": 0,
          "attributes": {
            "filename": null,
            "id": "bcfb7206d4010e07ad6c96e98f4bc3a12b6b3cc1eb45e32b7da63bc0a848c529",
            "rendered": "version: 2\nethernets:\n  ens3:\n    dhcp4: true",
            "template": "version: 2\nethernets:\n  ens3:\n    dhcp4: true",
            "vars": null
          },
          "sensitive_attributes": []
        }
      ]
    },
    {
      "mode": "data",
      "type": "template_file",
      "name": "user_data",
      "provider": "provider[\"registry.terraform.io/hashicorp/template\"]",
      "instances": [
        {
          "schema_version": 0,
          "attributes": {
            "filename": null,
            "id": "9d82ddd344ac37810bae5f895c74acc744af983830f67809ccb24984396a7367",
            "rendered": "#cloud-config\n# vim: syntax=yaml\n# examples:\n# https://cloudinit.readthedocs.io/en/latest/topics/examples.html\nbootcmd:\n  - echo 192.168.0.1 gw.homedns.xyz \u003e\u003e /etc/hosts\nruncmd:\n - [ ls, -l, / ]\n - [ sh, -xc, \"echo $(date) ': hello world!'\" ]\nssh_pwauth: true\ndisable_root: false\nchpasswd:\n  list: |\n     root:password\n  expire: false\nusers:\n  - name: ubuntu\n    sudo: ALL=(ALL) NOPASSWD:ALL\n    groups: users, admin\n    home: /home/ubuntu\n    shell: /bin/bash\n    lock_passwd: false\n    ssh-authorized-keys:\n      - ssh-rsa AAAA ...your-public-ssh-key-goes-here... user@host\nfinal_message: \"The system is finally up, after $UPTIME seconds\"\n",
            "template": "#cloud-config\n# vim: syntax=yaml\n# examples:\n# https://cloudinit.readthedocs.io/en/latest/topics/examples.html\nbootcmd:\n  - echo 192.168.0.1 gw.homedns.xyz \u003e\u003e /etc/hosts\nruncmd:\n - [ ls, -l, / ]\n - [ sh, -xc, \"echo $(date) ': hello world!'\" ]\nssh_pwauth: true\ndisable_root: false\nchpasswd:\n  list: |\n     root:password\n  expire: false\nusers:\n  - name: ubuntu\n    sudo: ALL=(ALL) NOPASSWD:ALL\n    groups: users, admin\n    home: /home/ubuntu\n    shell: /bin/bash\n    lock_passwd: false\n    ssh-authorized-keys:\n      - ssh-rsa AAAA ...your-public-ssh-key-goes-here... user@host\nfinal_message: \"The system is finally up, after $UPTIME seconds\"\n",
            "vars": null
          },
          "sensitive_attributes": []
        }
      ]
    },
    {
      "mode": "managed",
      "type": "libvirt_cloudinit_disk",
      "name": "commoninit",
      "provider": "provider[\"registry.terraform.io/dmacvicar/libvirt\"]",
      "instances": [
        {
          "schema_version": 0,
          "attributes": {
            "id": "/opt/kvm/pool1/commoninit.iso;4482de43-f410-4095-8328-b7a8da70579b",
            "meta_data": "",
            "name": "commoninit.iso",
            "network_config": "version: 2\nethernets:\n  ens3:\n    dhcp4: true",
            "pool": "unix",
            "user_data": "#cloud-config\n# vim: syntax=yaml\n# examples:\n# https://cloudinit.readthedocs.io/en/latest/topics/examples.html\nbootcmd:\n  - echo 192.168.0.1 gw.homedns.xyz \u003e\u003e /etc/hosts\nruncmd:\n - [ ls, -l, / ]\n - [ sh, -xc, \"echo $(date) ': hello world!'\" ]\nssh_pwauth: true\ndisable_root: false\nchpasswd:\n  list: |\n     root:password\n  expire: false\nusers:\n  - name: ubuntu\n    sudo: ALL=(ALL) NOPASSWD:ALL\n    groups: users, admin\n    home: /home/ubuntu\n    shell: /bin/bash\n    lock_passwd: false\n    ssh-authorized-keys:\n      - ssh-rsa AAAA ...your-public-ssh-key-goes-here... user@host\nfinal_message: \"The system is finally up, after $UPTIME seconds\"\n"
          },
          "sensitive_attributes": [],
          "private": "bnVsbA==",
          "dependencies": [
            "data.template_file.network_config",
            "data.template_file.user_data",
            "libvirt_pool.unix"
          ]
        }
      ]
    },
    {
      "mode": "managed",
      "type": "libvirt_network",
      "name": "cloud_network",
      "provider": "provider[\"registry.terraform.io/dmacvicar/libvirt\"]",
      "instances": [
        {
          "schema_version": 0,
          "attributes": {
            "addresses": null,
            "autostart": false,
            "bridge": "br0",
            "dhcp": [],
            "dns": [],
            "dnsmasq_options": [],
            "domain": null,
            "id": "5a6c1f13-1ab4-4b23-b1eb-3aebe91a30be",
            "mode": "bridge",
            "mtu": null,
            "name": "local_cloud_net",
            "routes": [],
            "xml": []
          },
          "sensitive_attributes": [],
          "private": "bnVsbA=="
        }
      ]
    },
    {
      "mode": "managed",
      "type": "libvirt_pool",
      "name": "unix",
      "provider": "provider[\"registry.terraform.io/dmacvicar/libvirt\"]",
      "instances": [
        {
          "schema_version": 0,
          "attributes": {
            "allocation": 41122365440,
            "available": 449452548096,
            "capacity": 490574913536,
            "id": "ba81634f-f102-40fb-a220-47e2fa94a54d",
            "name": "unix",
            "path": "/opt/kvm/pool1",
            "type": "dir",
            "xml": []
          },
          "sensitive_attributes": [],
          "private": "bnVsbA=="
        }
      ]
    },
    {
      "mode": "managed",
      "type": "libvirt_volume",
      "name": "unix-qcow2",
      "provider": "provider[\"registry.terraform.io/dmacvicar/libvirt\"]",
      "instances": [
        {
          "schema_version": 0,
          "attributes": {
            "base_volume_id": null,
            "base_volume_name": null,
            "base_volume_pool": null,
            "format": "qcow2",
            "id": "/opt/kvm/pool1/unix-qcow2",
            "name": "unix-qcow2",
            "pool": "unix",
            "size": 2361393152,
            "source": "http://cloud-images.ubuntu.com/releases/bionic/release-20191008/ubuntu-18.04-server-cloudimg-amd64.img",
            "xml": []
          },
          "sensitive_attributes": [],
          "private": "bnVsbA==",
          "dependencies": [
            "libvirt_pool.unix"
          ]
        }
      ]
    }
  ]
}
